Microsoft Visual Studio Solution File, Format Version 12.00
# Visual Studio 2012
Project("{FAE04EC0-301F-11D3-BF4B-00C04F79EFBC}") = "gdfxr", "gdfxr.csproj", "{C1F4808A-AC7E-4A14-8B31-88EE830F8DE7}"
EndProject
Global
	GlobalSection(SolutionConfigurationPlatforms) = preSolution
	Debug|Any CPU = Debug|Any CPU
	ExportDebug|Any CPU = ExportDebug|Any CPU
	ExportRelease|Any CPU = ExportRelease|Any CPU
	EndGlobalSection
	GlobalSection(ProjectConfigurationPlatforms) = postSolution
		{C1F4808A-AC7E-4A14-8B31-88EE830F8DE7}.Debug|Any CPU.ActiveCfg = Debug|Any CPU
		{C1F4808A-AC7E-4A14-8B31-88EE830F8DE7}.Debug|Any CPU.Build.0 = Debug|Any CPU
		{C1F4808A-AC7E-4A14-8B31-88EE830F8DE7}.ExportDebug|Any CPU.ActiveCfg = ExportDebug|Any CPU
		{C1F4808A-AC7E-4A14-8B31-88EE830F8DE7}.ExportDebug|Any CPU.Build.0 = ExportDebug|Any CPU
		{C1F4808A-AC7E-4A14-8B31-88EE830F8DE7}.ExportRelease|Any CPU.ActiveCfg = ExportRelease|Any CPU
		{C1F4808A-AC7E-4A14-8B31-88EE830F8DE7}.ExportRelease|Any CPU.Build.0 = ExportRelease|Any CPU
	EndGlobalSection
EndGlobal
